
Microsoft Visual Studio Solution File, Format Version 12.00
# Visual Studio 15
VisualStudioVersion = 15.0.27428.2037
MinimumVisualStudioVersion = 10.0.40219.1
Project("{FAE04EC0-301F-11D3-BF4B-00C04F79EFBC}") = "Quotations.UI", "Quotations.UI\Quotations.UI.csproj", "{4A632E48-871D-4122-A881-A30A30EFF4B0}"
EndProject
Project("{E53339B2-1760-4266-BCC7-CA923CBCF16C}") = "docker-compose", "docker-compose.dcproj", "{6F794673-F277-41A3-9E0F-563118DBB348}"
EndProject
Global
	GlobalSection(SolutionConfigurationPlatforms) = preSolution
		Debug|Any CPU = Debug|Any CPU
		Release|Any CPU = Release|Any CPU
	EndGlobalSection
	GlobalSection(ProjectConfigurationPlatforms) = postSolution
		{4A632E48-871D-4122-A881-A30A30EFF4B0}.Debug|Any CPU.ActiveCfg = Debug|Any CPU
		{4A632E48-871D-4122-A881-A30A30EFF4B0}.Debug|Any CPU.Build.0 = Debug|Any CPU
		{4A632E48-871D-4122-A881-A30A30EFF4B0}.Release|Any CPU.ActiveCfg = Release|Any CPU
		{4A632E48-871D-4122-A881-A30A30EFF4B0}.Release|Any CPU.Build.0 = Release|Any CPU
		{6F794673-F277-41A3-9E0F-563118DBB348}.Debug|Any CPU.ActiveCfg = Debug|Any CPU
		{6F794673-F277-41A3-9E0F-563118DBB348}.Debug|Any CPU.Build.0 = Debug|Any CPU
		{6F794673-F277-41A3-9E0F-563118DBB348}.Release|Any CPU.ActiveCfg = Release|Any CPU
		{6F794673-F277-41A3-9E0F-563118DBB348}.Release|Any CPU.Build.0 = Release|Any CPU
	EndGlobalSection
	GlobalSection(SolutionProperties) = preSolution
		HideSolutionNode = FALSE
	EndGlobalSection
	GlobalSection(ExtensibilityGlobals) = postSolution
		SolutionGuid = {C1D9CA48-BBE1-47B5-B098-3EE05558A083}
	EndGlobalSection
EndGlobal
